
Microsoft Visual Studio Solution File, Format Version 12.00
# Visual Studio Version 17
VisualStudioVersion = 17.9.34622.214
MinimumVisualStudioVersion = 10.0.40219.1
Project("{8BC9CEB8-8B4A-11D0-8D11-00A0C91BC942}") = "Adrian_Jefferson_Proyecto1_Progra1", "Adrian_Jefferson_Proyecto1_Progra1\Adrian_Jefferson_Proyecto1_Progra1.vcxproj", "{B4FC099D-0E07-4297-8075-365F5263716A}"
EndProject
Global
	GlobalSection(SolutionConfigurationPlatforms) = preSolution
		Debug|x64 = Debug|x64
		Debug|x86 = Debug|x86
		Release|x64 = Release|x64
		Release|x86 = Release|x86
	EndGlobalSection
	GlobalSection(ProjectConfigurationPlatforms) = postSolution
		{B4FC099D-0E07-4297-8075-365F5263716A}.Debug|x64.ActiveCfg = Debug|x64
		{B4FC099D-0E07-4297-8075-365F5263716A}.Debug|x64.Build.0 = Debug|x64
		{B4FC099D-0E07-4297-8075-365F5263716A}.Debug|x86.ActiveCfg = Debug|Win32
		{B4FC099D-0E07-4297-8075-365F5263716A}.Debug|x86.Build.0 = Debug|Win32
		{B4FC099D-0E07-4297-8075-365F5263716A}.Release|x64.ActiveCfg = Release|x64
		{B4FC099D-0E07-4297-8075-365F5263716A}.Release|x64.Build.0 = Release|x64
		{B4FC099D-0E07-4297-8075-365F5263716A}.Release|x86.ActiveCfg = Release|Win32
		{B4FC099D-0E07-4297-8075-365F5263716A}.Release|x86.Build.0 = Release|Win32
	EndGlobalSection
	GlobalSection(SolutionProperties) = preSolution
		HideSolutionNode = FALSE
	EndGlobalSection
	GlobalSection(ExtensibilityGlobals) = postSolution
		SolutionGuid = {5A6BA5AE-65EB-4439-A4CA-A81633BBE8B0}
	EndGlobalSection
EndGlobal
